{
  "name": "random-string-msg-lodijodanny",
  "version": "1.0.0",
  "lockfileVersion": 3,
  "requires": true,
  "packages": {
    "": {
      "name": "random-string-msg-lodijodanny",
      "version": "1.0.0",
      "license": "MIT",
      "dependencies": {
        "g": "^2.0.1",
        "random-str-msg": "^1.1.0",
        "user": "^0.0.0"
      },
      "bin": {
        "random-str-msg": "bin/global.js"
      }
    },
    "node_modules/g": {
      "version": "2.0.1",
      "resolved": "https://registry.npmjs.org/g/-/g-2.0.1.tgz",
      "integrity": "sha512-Fi6Ng5fZ/ANLQ15H11hCe+09sgUoNvDEBevVgx3KoYOhsH5iLNPn54hx0jPZ+3oSWr+xajnp2Qau9VmPsc7hTA=="
    },
    "node_modules/random-str-msg": {
      "version": "1.1.0",
      "resolved": "https://registry.npmjs.org/random-str-msg/-/random-str-msg-1.1.0.tgz",
      "integrity": "sha512-Yd2Op/ybJnmuK7UD3Xx+frKkNG58gsTY/mpKfHnvWBHDMetCv7iFwsSxZk6MHm8ZtVpGAtu0U4es6Qeii/jjWg==",
      "dependencies": {
        "g": "^2.0.1"
      },
      "bin": {
        "random-str-msg": "bin/global.js"
      }
    },
    "node_modules/user": {
      "version": "0.0.0",
      "resolved": "https://registry.npmjs.org/user/-/user-0.0.0.tgz",
      "integrity": "sha512-eRNM5isOvr6aEFAGi1CqAkmLkYxW2NJ5ThhbD+6IJXYKM1mo7Gtxx4mQIveHz/5K3p/SVnlW9k17ETn+QAu8IQ=="
    }
  }
}
